
Microsoft Visual Studio Solution File, Format Version 12.00
# Visual Studio 14
VisualStudioVersion = 14.0.25420.1
MinimumVisualStudioVersion = 10.0.40219.1
Project("{8BC9CEB8-8B4A-11D0-8D11-00A0C91BC942}") = "Operators", "Operators\Operators.vcxproj", "{52CADF4C-496E-41EA-A928-71961ACD33A0}"
EndProject
Project("{8BC9CEB8-8B4A-11D0-8D11-00A0C91BC942}") = "Operators2", "Operators2\Operators2.vcxproj", "{8CDF81F3-B006-4784-9E74-4CFE969B9EB5}"
EndProject
Project("{8BC9CEB8-8B4A-11D0-8D11-00A0C91BC942}") = "UserCast", "UserCast\UserCast.vcxproj", "{4B871F4F-C81B-4FB2-AD61-98EB4044D575}"
EndProject
Project("{8BC9CEB8-8B4A-11D0-8D11-00A0C91BC942}") = "UserCast2", "UserCast2\UserCast2.vcxproj", "{B9B55A35-5969-4B55-BC0B-60D698CD9CAA}"
EndProject
Project("{8BC9CEB8-8B4A-11D0-8D11-00A0C91BC942}") = "Cast In Inheratance", "Cast In Inheratance\Cast In Inheratance.vcxproj", "{77891357-3290-4E5F-BB79-CBB6B06D373E}"
EndProject
Project("{8BC9CEB8-8B4A-11D0-8D11-00A0C91BC942}") = "Overload As Method", "Overload As Method\Overload As Method.vcxproj", "{13149774-D272-4247-8B82-61616C9F43B4}"
EndProject
Project("{8BC9CEB8-8B4A-11D0-8D11-00A0C91BC942}") = "Overload As Friend", "Overload As Friend\Overload As Friend.vcxproj", "{A922E12C-8769-4CEA-965B-52CF97A91333}"
EndProject
Project("{8BC9CEB8-8B4A-11D0-8D11-00A0C91BC942}") = "Operator=", "Operator=\Operator=.vcxproj", "{556D9E1A-68B3-41F4-8E18-BF7E16994442}"
EndProject
Project("{8BC9CEB8-8B4A-11D0-8D11-00A0C91BC942}") = "OperatorWithAssigment", "OperatorWithAssigment\OperatorWithAssigment.vcxproj", "{CF4D0E6A-CD2F-4BFF-8A16-BBB119D22BE5}"
EndProject
Project("{8BC9CEB8-8B4A-11D0-8D11-00A0C91BC942}") = "OperatorCallFunction", "OperatorCallFunction\OperatorCallFunction.vcxproj", "{9129CDF6-1983-4BE0-81A2-F1EE4EF277C1}"
EndProject
Project("{8BC9CEB8-8B4A-11D0-8D11-00A0C91BC942}") = "OperatorIndexing", "OperatorIndexing\OperatorIndexing.vcxproj", "{7DBB2DF1-1C2C-4A81-BC50-9FD5922185AB}"
EndProject
Project("{8BC9CEB8-8B4A-11D0-8D11-00A0C91BC942}") = "OperatorPrefixAndpostfix", "OperatorPrefixAndpostfix\OperatorPrefixAndpostfix.vcxproj", "{7719B20B-5A25-41F9-A4FC-585D78E31EEB}"
EndProject
Project("{8BC9CEB8-8B4A-11D0-8D11-00A0C91BC942}") = "OperatorCast", "OperatorCast\OperatorCast.vcxproj", "{609A913A-C435-4D37-AC85-ECFF442F78B8}"
EndProject
Project("{8BC9CEB8-8B4A-11D0-8D11-00A0C91BC942}") = "OperatorAccsessWithPointer", "OperatorAccsessWithPointer\OperatorAccsessWithPointer.vcxproj", "{3C7415F3-1D44-4E2F-A5AF-8D1FEE009553}"
EndProject
Project("{8BC9CEB8-8B4A-11D0-8D11-00A0C91BC942}") = "OperatorComma", "OperatorComma\OperatorComma.vcxproj", "{3B59391A-6895-4CBF-9708-06D491756B02}"
EndProject
Project("{8BC9CEB8-8B4A-11D0-8D11-00A0C91BC942}") = "OperatorNewAsMethod", "OperatorNewAsMethod\OperatorNewAsMethod.vcxproj", "{DC105929-2CD0-4064-8394-8C110FFD4EB2}"
EndProject
Project("{8BC9CEB8-8B4A-11D0-8D11-00A0C91BC942}") = "OperatorPlacmentNewAsMethod", "OperatorPlacmentNewAsMethod\OperatorPlacmentNewAsMethod.vcxproj", "{ECDF487A-B4BF-4B51-B34B-128EC1495375}"
EndProject
Project("{8BC9CEB8-8B4A-11D0-8D11-00A0C91BC942}") = "OperatorVirtualNewAsMethod", "OperatorVirtualNewAsMethod\OperatorVirtualNewAsMethod.vcxproj", "{4AF4BE46-4C0D-4BAB-BDA1-60043CB66EB1}"
EndProject
Project("{8BC9CEB8-8B4A-11D0-8D11-00A0C91BC942}") = "OperatorNewAsFriend", "OperatorNewAsFriend\OperatorNewAsFriend.vcxproj", "{29434668-9405-4875-B8B4-F2C700DBCA68}"
EndProject
Project("{8BC9CEB8-8B4A-11D0-8D11-00A0C91BC942}") = "OperatorNewForMassive", "ConsoleApplication1\ConsoleApplication1.vcxproj", "{6253D399-9DF7-42A4-A607-0CE213F2167A}"
EndProject
Project("{8BC9CEB8-8B4A-11D0-8D11-00A0C91BC942}") = "OperatorsNewAndDeleteAll", "OperatorsNewAndDeleteAll\OperatorsNewAndDeleteAll.vcxproj", "{DBB84B60-306E-41EB-9CD8-C29302D22ADA}"
EndProject
Global
	GlobalSection(SolutionConfigurationPlatforms) = preSolution
		Debug|x64 = Debug|x64
		Debug|x86 = Debug|x86
		Release|x64 = Release|x64
		Release|x86 = Release|x86
	EndGlobalSection
	GlobalSection(ProjectConfigurationPlatforms) = postSolution
		{52CADF4C-496E-41EA-A928-71961ACD33A0}.Debug|x64.ActiveCfg = Debug|x64
		{52CADF4C-496E-41EA-A928-71961ACD33A0}.Debug|x64.Build.0 = Debug|x64
		{52CADF4C-496E-41EA-A928-71961ACD33A0}.Debug|x86.ActiveCfg = Debug|Win32
		{52CADF4C-496E-41EA-A928-71961ACD33A0}.Debug|x86.Build.0 = Debug|Win32
		{52CADF4C-496E-41EA-A928-71961ACD33A0}.Release|x64.ActiveCfg = Release|x64
		{52CADF4C-496E-41EA-A928-71961ACD33A0}.Release|x64.Build.0 = Release|x64
		{52CADF4C-496E-41EA-A928-71961ACD33A0}.Release|x86.ActiveCfg = Release|Win32
		{52CADF4C-496E-41EA-A928-71961ACD33A0}.Release|x86.Build.0 = Release|Win32
		{8CDF81F3-B006-4784-9E74-4CFE969B9EB5}.Debug|x64.ActiveCfg = Debug|x64
		{8CDF81F3-B006-4784-9E74-4CFE969B9EB5}.Debug|x64.Build.0 = Debug|x64
		{8CDF81F3-B006-4784-9E74-4CFE969B9EB5}.Debug|x86.ActiveCfg = Debug|Win32
		{8CDF81F3-B006-4784-9E74-4CFE969B9EB5}.Debug|x86.Build.0 = Debug|Win32
		{8CDF81F3-B006-4784-9E74-4CFE969B9EB5}.Release|x64.ActiveCfg = Release|x64
		{8CDF81F3-B006-4784-9E74-4CFE969B9EB5}.Release|x64.Build.0 = Release|x64
		{8CDF81F3-B006-4784-9E74-4CFE969B9EB5}.Release|x86.ActiveCfg = Release|Win32
		{8CDF81F3-B006-4784-9E74-4CFE969B9EB5}.Release|x86.Build.0 = Release|Win32
		{4B871F4F-C81B-4FB2-AD61-98EB4044D575}.Debug|x64.ActiveCfg = Debug|x64
		{4B871F4F-C81B-4FB2-AD61-98EB4044D575}.Debug|x64.Build.0 = Debug|x64
		{4B871F4F-C81B-4FB2-AD61-98EB4044D575}.Debug|x86.ActiveCfg = Debug|Win32
		{4B871F4F-C81B-4FB2-AD61-98EB4044D575}.Debug|x86.Build.0 = Debug|Win32
		{4B871F4F-C81B-4FB2-AD61-98EB4044D575}.Release|x64.ActiveCfg = Release|x64
		{4B871F4F-C81B-4FB2-AD61-98EB4044D575}.Release|x64.Build.0 = Release|x64
		{4B871F4F-C81B-4FB2-AD61-98EB4044D575}.Release|x86.ActiveCfg = Release|Win32
		{4B871F4F-C81B-4FB2-AD61-98EB4044D575}.Release|x86.Build.0 = Release|Win32
		{B9B55A35-5969-4B55-BC0B-60D698CD9CAA}.Debug|x64.ActiveCfg = Debug|x64
		{B9B55A35-5969-4B55-BC0B-60D698CD9CAA}.Debug|x64.Build.0 = Debug|x64
		{B9B55A35-5969-4B55-BC0B-60D698CD9CAA}.Debug|x86.ActiveCfg = Debug|Win32
		{B9B55A35-5969-4B55-BC0B-60D698CD9CAA}.Debug|x86.Build.0 = Debug|Win32
		{B9B55A35-5969-4B55-BC0B-60D698CD9CAA}.Release|x64.ActiveCfg = Release|x64
		{B9B55A35-5969-4B55-BC0B-60D698CD9CAA}.Release|x64.Build.0 = Release|x64
		{B9B55A35-5969-4B55-BC0B-60D698CD9CAA}.Release|x86.ActiveCfg = Release|Win32
		{B9B55A35-5969-4B55-BC0B-60D698CD9CAA}.Release|x86.Build.0 = Release|Win32
		{77891357-3290-4E5F-BB79-CBB6B06D373E}.Debug|x64.ActiveCfg = Debug|x64
		{77891357-3290-4E5F-BB79-CBB6B06D373E}.Debug|x64.Build.0 = Debug|x64
		{77891357-3290-4E5F-BB79-CBB6B06D373E}.Debug|x86.ActiveCfg = Debug|Win32
		{77891357-3290-4E5F-BB79-CBB6B06D373E}.Debug|x86.Build.0 = Debug|Win32
		{77891357-3290-4E5F-BB79-CBB6B06D373E}.Release|x64.ActiveCfg = Release|x64
		{77891357-3290-4E5F-BB79-CBB6B06D373E}.Release|x64.Build.0 = Release|x64
		{77891357-3290-4E5F-BB79-CBB6B06D373E}.Release|x86.ActiveCfg = Release|Win32
		{77891357-3290-4E5F-BB79-CBB6B06D373E}.Release|x86.Build.0 = Release|Win32
		{13149774-D272-4247-8B82-61616C9F43B4}.Debug|x64.ActiveCfg = Debug|x64
		{13149774-D272-4247-8B82-61616C9F43B4}.Debug|x64.Build.0 = Debug|x64
		{13149774-D272-4247-8B82-61616C9F43B4}.Debug|x86.ActiveCfg = Debug|Win32
		{13149774-D272-4247-8B82-61616C9F43B4}.Debug|x86.Build.0 = Debug|Win32
		{13149774-D272-4247-8B82-61616C9F43B4}.Release|x64.ActiveCfg = Release|x64
		{13149774-D272-4247-8B82-61616C9F43B4}.Release|x64.Build.0 = Release|x64
		{13149774-D272-4247-8B82-61616C9F43B4}.Release|x86.ActiveCfg = Release|Win32
		{13149774-D272-4247-8B82-61616C9F43B4}.Release|x86.Build.0 = Release|Win32
		{A922E12C-8769-4CEA-965B-52CF97A91333}.Debug|x64.ActiveCfg = Debug|x64
		{A922E12C-8769-4CEA-965B-52CF97A91333}.Debug|x64.Build.0 = Debug|x64
		{A922E12C-8769-4CEA-965B-52CF97A91333}.Debug|x86.ActiveCfg = Debug|Win32
		{A922E12C-8769-4CEA-965B-52CF97A91333}.Debug|x86.Build.0 = Debug|Win32
		{A922E12C-8769-4CEA-965B-52CF97A91333}.Release|x64.ActiveCfg = Release|x64
		{A922E12C-8769-4CEA-965B-52CF97A91333}.Release|x64.Build.0 = Release|x64
		{A922E12C-8769-4CEA-965B-52CF97A91333}.Release|x86.ActiveCfg = Release|Win32
		{A922E12C-8769-4CEA-965B-52CF97A91333}.Release|x86.Build.0 = Release|Win32
		{556D9E1A-68B3-41F4-8E18-BF7E16994442}.Debug|x64.ActiveCfg = Debug|x64
		{556D9E1A-68B3-41F4-8E18-BF7E16994442}.Debug|x64.Build.0 = Debug|x64
		{556D9E1A-68B3-41F4-8E18-BF7E16994442}.Debug|x86.ActiveCfg = Debug|Win32
		{556D9E1A-68B3-41F4-8E18-BF7E16994442}.Debug|x86.Build.0 = Debug|Win32
		{556D9E1A-68B3-41F4-8E18-BF7E16994442}.Release|x64.ActiveCfg = Release|x64
		{556D9E1A-68B3-41F4-8E18-BF7E16994442}.Release|x64.Build.0 = Release|x64
		{556D9E1A-68B3-41F4-8E18-BF7E16994442}.Release|x86.ActiveCfg = Release|Win32
		{556D9E1A-68B3-41F4-8E18-BF7E16994442}.Release|x86.Build.0 = Release|Win32
		{CF4D0E6A-CD2F-4BFF-8A16-BBB119D22BE5}.Debug|x64.ActiveCfg = Debug|x64
		{CF4D0E6A-CD2F-4BFF-8A16-BBB119D22BE5}.Debug|x64.Build.0 = Debug|x64
		{CF4D0E6A-CD2F-4BFF-8A16-BBB119D22BE5}.Debug|x86.ActiveCfg = Debug|Win32
		{CF4D0E6A-CD2F-4BFF-8A16-BBB119D22BE5}.Debug|x86.Build.0 = Debug|Win32
		{CF4D0E6A-CD2F-4BFF-8A16-BBB119D22BE5}.Release|x64.ActiveCfg = Release|x64
		{CF4D0E6A-CD2F-4BFF-8A16-BBB119D22BE5}.Release|x64.Build.0 = Release|x64
		{CF4D0E6A-CD2F-4BFF-8A16-BBB119D22BE5}.Release|x86.ActiveCfg = Release|Win32
		{CF4D0E6A-CD2F-4BFF-8A16-BBB119D22BE5}.Release|x86.Build.0 = Release|Win32
		{9129CDF6-1983-4BE0-81A2-F1EE4EF277C1}.Debug|x64.ActiveCfg = Debug|x64
		{9129CDF6-1983-4BE0-81A2-F1EE4EF277C1}.Debug|x64.Build.0 = Debug|x64
		{9129CDF6-1983-4BE0-81A2-F1EE4EF277C1}.Debug|x86.ActiveCfg = Debug|Win32
		{9129CDF6-1983-4BE0-81A2-F1EE4EF277C1}.Debug|x86.Build.0 = Debug|Win32
		{9129CDF6-1983-4BE0-81A2-F1EE4EF277C1}.Release|x64.ActiveCfg = Release|x64
		{9129CDF6-1983-4BE0-81A2-F1EE4EF277C1}.Release|x64.Build.0 = Release|x64
		{9129CDF6-1983-4BE0-81A2-F1EE4EF277C1}.Release|x86.ActiveCfg = Release|Win32
		{9129CDF6-1983-4BE0-81A2-F1EE4EF277C1}.Release|x86.Build.0 = Release|Win32
		{7DBB2DF1-1C2C-4A81-BC50-9FD5922185AB}.Debug|x64.ActiveCfg = Debug|x64
		{7DBB2DF1-1C2C-4A81-BC50-9FD5922185AB}.Debug|x64.Build.0 = Debug|x64
		{7DBB2DF1-1C2C-4A81-BC50-9FD5922185AB}.Debug|x86.ActiveCfg = Debug|Win32
		{7DBB2DF1-1C2C-4A81-BC50-9FD5922185AB}.Debug|x86.Build.0 = Debug|Win32
		{7DBB2DF1-1C2C-4A81-BC50-9FD5922185AB}.Release|x64.ActiveCfg = Release|x64
		{7DBB2DF1-1C2C-4A81-BC50-9FD5922185AB}.Release|x64.Build.0 = Release|x64
		{7DBB2DF1-1C2C-4A81-BC50-9FD5922185AB}.Release|x86.ActiveCfg = Release|Win32
		{7DBB2DF1-1C2C-4A81-BC50-9FD5922185AB}.Release|x86.Build.0 = Release|Win32
		{7719B20B-5A25-41F9-A4FC-585D78E31EEB}.Debug|x64.ActiveCfg = Debug|x64
		{7719B20B-5A25-41F9-A4FC-585D78E31EEB}.Debug|x64.Build.0 = Debug|x64
		{7719B20B-5A25-41F9-A4FC-585D78E31EEB}.Debug|x86.ActiveCfg = Debug|Win32
		{7719B20B-5A25-41F9-A4FC-585D78E31EEB}.Debug|x86.Build.0 = Debug|Win32
		{7719B20B-5A25-41F9-A4FC-585D78E31EEB}.Release|x64.ActiveCfg = Release|x64
		{7719B20B-5A25-41F9-A4FC-585D78E31EEB}.Release|x64.Build.0 = Release|x64
		{7719B20B-5A25-41F9-A4FC-585D78E31EEB}.Release|x86.ActiveCfg = Release|Win32
		{7719B20B-5A25-41F9-A4FC-585D78E31EEB}.Release|x86.Build.0 = Release|Win32
		{609A913A-C435-4D37-AC85-ECFF442F78B8}.Debug|x64.ActiveCfg = Debug|x64
		{609A913A-C435-4D37-AC85-ECFF442F78B8}.Debug|x64.Build.0 = Debug|x64
		{609A913A-C435-4D37-AC85-ECFF442F78B8}.Debug|x86.ActiveCfg = Debug|Win32
		{609A913A-C435-4D37-AC85-ECFF442F78B8}.Debug|x86.Build.0 = Debug|Win32
		{609A913A-C435-4D37-AC85-ECFF442F78B8}.Release|x64.ActiveCfg = Release|x64
		{609A913A-C435-4D37-AC85-ECFF442F78B8}.Release|x64.Build.0 = Release|x64
		{609A913A-C435-4D37-AC85-ECFF442F78B8}.Release|x86.ActiveCfg = Release|Win32
		{609A913A-C435-4D37-AC85-ECFF442F78B8}.Release|x86.Build.0 = Release|Win32
		{3C7415F3-1D44-4E2F-A5AF-8D1FEE009553}.Debug|x64.ActiveCfg = Debug|x64
		{3C7415F3-1D44-4E2F-A5AF-8D1FEE009553}.Debug|x64.Build.0 = Debug|x64
		{3C7415F3-1D44-4E2F-A5AF-8D1FEE009553}.Debug|x86.ActiveCfg = Debug|Win32
		{3C7415F3-1D44-4E2F-A5AF-8D1FEE009553}.Debug|x86.Build.0 = Debug|Win32
		{3C7415F3-1D44-4E2F-A5AF-8D1FEE009553}.Release|x64.ActiveCfg = Release|x64
		{3C7415F3-1D44-4E2F-A5AF-8D1FEE009553}.Release|x64.Build.0 = Release|x64
		{3C7415F3-1D44-4E2F-A5AF-8D1FEE009553}.Release|x86.ActiveCfg = Release|Win32
		{3C7415F3-1D44-4E2F-A5AF-8D1FEE009553}.Release|x86.Build.0 = Release|Win32
		{3B59391A-6895-4CBF-9708-06D491756B02}.Debug|x64.ActiveCfg = Debug|x64
		{3B59391A-6895-4CBF-9708-06D491756B02}.Debug|x64.Build.0 = Debug|x64
		{3B59391A-6895-4CBF-9708-06D491756B02}.Debug|x86.ActiveCfg = Debug|Win32
		{3B59391A-6895-4CBF-9708-06D491756B02}.Debug|x86.Build.0 = Debug|Win32
		{3B59391A-6895-4CBF-9708-06D491756B02}.Release|x64.ActiveCfg = Release|x64
		{3B59391A-6895-4CBF-9708-06D491756B02}.Release|x64.Build.0 = Release|x64
		{3B59391A-6895-4CBF-9708-06D491756B02}.Release|x86.ActiveCfg = Release|Win32
		{3B59391A-6895-4CBF-9708-06D491756B02}.Release|x86.Build.0 = Release|Win32
		{DC105929-2CD0-4064-8394-8C110FFD4EB2}.Debug|x64.ActiveCfg = Debug|x64
		{DC105929-2CD0-4064-8394-8C110FFD4EB2}.Debug|x64.Build.0 = Debug|x64
		{DC105929-2CD0-4064-8394-8C110FFD4EB2}.Debug|x86.ActiveCfg = Debug|Win32
		{DC105929-2CD0-4064-8394-8C110FFD4EB2}.Debug|x86.Build.0 = Debug|Win32
		{DC105929-2CD0-4064-8394-8C110FFD4EB2}.Release|x64.ActiveCfg = Release|x64
		{DC105929-2CD0-4064-8394-8C110FFD4EB2}.Release|x64.Build.0 = Release|x64
		{DC105929-2CD0-4064-8394-8C110FFD4EB2}.Release|x86.ActiveCfg = Release|Win32
		{DC105929-2CD0-4064-8394-8C110FFD4EB2}.Release|x86.Build.0 = Release|Win32
		{ECDF487A-B4BF-4B51-B34B-128EC1495375}.Debug|x64.ActiveCfg = Debug|x64
		{ECDF487A-B4BF-4B51-B34B-128EC1495375}.Debug|x64.Build.0 = Debug|x64
		{ECDF487A-B4BF-4B51-B34B-128EC1495375}.Debug|x86.ActiveCfg = Debug|Win32
		{ECDF487A-B4BF-4B51-B34B-128EC1495375}.Debug|x86.Build.0 = Debug|Win32
		{ECDF487A-B4BF-4B51-B34B-128EC1495375}.Release|x64.ActiveCfg = Release|x64
		{ECDF487A-B4BF-4B51-B34B-128EC1495375}.Release|x64.Build.0 = Release|x64
		{ECDF487A-B4BF-4B51-B34B-128EC1495375}.Release|x86.ActiveCfg = Release|Win32
		{ECDF487A-B4BF-4B51-B34B-128EC1495375}.Release|x86.Build.0 = Release|Win32
		{4AF4BE46-4C0D-4BAB-BDA1-60043CB66EB1}.Debug|x64.ActiveCfg = Debug|x64
		{4AF4BE46-4C0D-4BAB-BDA1-60043CB66EB1}.Debug|x64.Build.0 = Debug|x64
		{4AF4BE46-4C0D-4BAB-BDA1-60043CB66EB1}.Debug|x86.ActiveCfg = Debug|Win32
		{4AF4BE46-4C0D-4BAB-BDA1-60043CB66EB1}.Debug|x86.Build.0 = Debug|Win32
		{4AF4BE46-4C0D-4BAB-BDA1-60043CB66EB1}.Release|x64.ActiveCfg = Release|x64
		{4AF4BE46-4C0D-4BAB-BDA1-60043CB66EB1}.Release|x64.Build.0 = Release|x64
		{4AF4BE46-4C0D-4BAB-BDA1-60043CB66EB1}.Release|x86.ActiveCfg = Release|Win32
		{4AF4BE46-4C0D-4BAB-BDA1-60043CB66EB1}.Release|x86.Build.0 = Release|Win32
		{29434668-9405-4875-B8B4-F2C700DBCA68}.Debug|x64.ActiveCfg = Debug|x64
		{29434668-9405-4875-B8B4-F2C700DBCA68}.Debug|x64.Build.0 = Debug|x64
		{29434668-9405-4875-B8B4-F2C700DBCA68}.Debug|x86.ActiveCfg = Debug|Win32
		{29434668-9405-4875-B8B4-F2C700DBCA68}.Debug|x86.Build.0 = Debug|Win32
		{29434668-9405-4875-B8B4-F2C700DBCA68}.Release|x64.ActiveCfg = Release|x64
		{29434668-9405-4875-B8B4-F2C700DBCA68}.Release|x64.Build.0 = Release|x64
		{29434668-9405-4875-B8B4-F2C700DBCA68}.Release|x86.ActiveCfg = Release|Win32
		{29434668-9405-4875-B8B4-F2C700DBCA68}.Release|x86.Build.0 = Release|Win32
		{6253D399-9DF7-42A4-A607-0CE213F2167A}.Debug|x64.ActiveCfg = Debug|x64
		{6253D399-9DF7-42A4-A607-0CE213F2167A}.Debug|x64.Build.0 = Debug|x64
		{6253D399-9DF7-42A4-A607-0CE213F2167A}.Debug|x86.ActiveCfg = Debug|Win32
		{6253D399-9DF7-42A4-A607-0CE213F2167A}.Debug|x86.Build.0 = Debug|Win32
		{6253D399-9DF7-42A4-A607-0CE213F2167A}.Release|x64.ActiveCfg = Release|x64
		{6253D399-9DF7-42A4-A607-0CE213F2167A}.Release|x64.Build.0 = Release|x64
		{6253D399-9DF7-42A4-A607-0CE213F2167A}.Release|x86.ActiveCfg = Release|Win32
		{6253D399-9DF7-42A4-A607-0CE213F2167A}.Release|x86.Build.0 = Release|Win32
		{DBB84B60-306E-41EB-9CD8-C29302D22ADA}.Debug|x64.ActiveCfg = Debug|x64
		{DBB84B60-306E-41EB-9CD8-C29302D22ADA}.Debug|x64.Build.0 = Debug|x64
		{DBB84B60-306E-41EB-9CD8-C29302D22ADA}.Debug|x86.ActiveCfg = Debug|Win32
		{DBB84B60-306E-41EB-9CD8-C29302D22ADA}.Debug|x86.Build.0 = Debug|Win32
		{DBB84B60-306E-41EB-9CD8-C29302D22ADA}.Release|x64.ActiveCfg = Release|x64
		{DBB84B60-306E-41EB-9CD8-C29302D22ADA}.Release|x64.Build.0 = Release|x64
		{DBB84B60-306E-41EB-9CD8-C29302D22ADA}.Release|x86.ActiveCfg = Release|Win32
		{DBB84B60-306E-41EB-9CD8-C29302D22ADA}.Release|x86.Build.0 = Release|Win32
	EndGlobalSection
	GlobalSection(SolutionProperties) = preSolution
		HideSolutionNode = FALSE
	EndGlobalSection
EndGlobal
